
Microsoft Visual Studio Solution File, Format Version 12.00
# Visual Studio Version 17
VisualStudioVersion = 17.4.33110.190
MinimumVisualStudioVersion = 10.0.40219.1
Project("{9A19103F-16F7-4668-BE54-9A1E7A4F7556}") = "QuizonomyAPI", "QuizonomyAPI\QuizonomyAPI.csproj", "{8AE3FF7A-6C0B-462F-A77A-B07E3155F34C}"
EndProject
Global
	GlobalSection(SolutionConfigurationPlatforms) = preSolution
		Debug|Any CPU = Debug|Any CPU
		Release|Any CPU = Release|Any CPU
	EndGlobalSection
	GlobalSection(ProjectConfigurationPlatforms) = postSolution
		{8AE3FF7A-6C0B-462F-A77A-B07E3155F34C}.Debug|Any CPU.ActiveCfg = Debug|Any CPU
		{8AE3FF7A-6C0B-462F-A77A-B07E3155F34C}.Debug|Any CPU.Build.0 = Debug|Any CPU
		{8AE3FF7A-6C0B-462F-A77A-B07E3155F34C}.Release|Any CPU.ActiveCfg = Release|Any CPU
		{8AE3FF7A-6C0B-462F-A77A-B07E3155F34C}.Release|Any CPU.Build.0 = Release|Any CPU
	EndGlobalSection
	GlobalSection(SolutionProperties) = preSolution
		HideSolutionNode = FALSE
	EndGlobalSection
	GlobalSection(ExtensibilityGlobals) = postSolution
		SolutionGuid = {43515726-8E1F-4FA7-9A8B-C95BF75C220E}
	EndGlobalSection
EndGlobal
